Microsoft Visual Studio Solution File, Format Version 12.00
# Visual Studio Version 17
VisualStudioVersion = 17.5.2.0
MinimumVisualStudioVersion = 10.0.40219.1
Project("{FAE04EC0-301F-11D3-BF4B-00C04F79EFBC}") = "Petfolio.API", "Petfolio.API.csproj", "{C91A0151-4E4F-0C75-F84C-945AA34E18FA}"
EndProject
Global
	GlobalSection(SolutionConfigurationPlatforms) = preSolution
		Debug|Any CPU = Debug|Any CPU
		Release|Any CPU = Release|Any CPU
	EndGlobalSection
	GlobalSection(ProjectConfigurationPlatforms) = postSolution
		{C91A0151-4E4F-0C75-F84C-945AA34E18FA}.Debug|Any CPU.ActiveCfg = Debug|Any CPU
		{C91A0151-4E4F-0C75-F84C-945AA34E18FA}.Debug|Any CPU.Build.0 = Debug|Any CPU
		{C91A0151-4E4F-0C75-F84C-945AA34E18FA}.Release|Any CPU.ActiveCfg = Release|Any CPU
		{C91A0151-4E4F-0C75-F84C-945AA34E18FA}.Release|Any CPU.Build.0 = Release|Any CPU
	EndGlobalSection
	GlobalSection(SolutionProperties) = preSolution
		HideSolutionNode = FALSE
	EndGlobalSection
	GlobalSection(ExtensibilityGlobals) = postSolution
		SolutionGuid = {2FF3D7A2-858E-4232-95EF-169A425DFCB0}
	EndGlobalSection
EndGlobal
